
Microsoft Visual Studio Solution File, Format Version 12.00
# Visual Studio Version 17
VisualStudioVersion = 17.5.002.0
MinimumVisualStudioVersion = 10.0.40219.1
Project("{2150E333-8FDC-42A3-9474-1A3956D46DE8}") = "c#", "c#", "{498DC64A-EBD2-40E3-A805-140AFEA1151A}"
EndProject
Project("{9A19103F-16F7-4668-BE54-9A1E7A4F7556}") = "person", "c#\person\person.csproj", "{901730AA-C46A-45DC-B27B-058D33ED9092}"
EndProject
Global
	GlobalSection(SolutionConfigurationPlatforms) = preSolution
		Debug|Any CPU = Debug|Any CPU
		Release|Any CPU = Release|Any CPU
	EndGlobalSection
	GlobalSection(ProjectConfigurationPlatforms) = postSolution
		{901730AA-C46A-45DC-B27B-058D33ED9092}.Debug|Any CPU.ActiveCfg = Debug|Any CPU
		{901730AA-C46A-45DC-B27B-058D33ED9092}.Debug|Any CPU.Build.0 = Debug|Any CPU
		{901730AA-C46A-45DC-B27B-058D33ED9092}.Release|Any CPU.ActiveCfg = Release|Any CPU
		{901730AA-C46A-45DC-B27B-058D33ED9092}.Release|Any CPU.Build.0 = Release|Any CPU
	EndGlobalSection
	GlobalSection(SolutionProperties) = preSolution
		HideSolutionNode = FALSE
	EndGlobalSection
	GlobalSection(NestedProjects) = preSolution
		{901730AA-C46A-45DC-B27B-058D33ED9092} = {498DC64A-EBD2-40E3-A805-140AFEA1151A}
	EndGlobalSection
	GlobalSection(ExtensibilityGlobals) = postSolution
		SolutionGuid = {CD1EA36C-481F-4105-94AA-5AA7C6AC45EF}
	EndGlobalSection
EndGlobal
